
Microsoft Visual Studio Solution File, Format Version 12.00
# Visual Studio 15
VisualStudioVersion = 15.0.28307.852
MinimumVisualStudioVersion = 10.0.40219.1
Project("{FAE04EC0-301F-11D3-BF4B-00C04F79EFBC}") = "CadastroUsuario.api", "CadastroUsuario.api\CadastroUsuario.api.csproj", "{369641B2-728B-4E24-B7AB-B71D3FFCEA40}"
EndProject
Global
	GlobalSection(SolutionConfigurationPlatforms) = preSolution
		Debug|Any CPU = Debug|Any CPU
		Release|Any CPU = Release|Any CPU
	EndGlobalSection
	GlobalSection(ProjectConfigurationPlatforms) = postSolution
		{369641B2-728B-4E24-B7AB-B71D3FFCEA40}.Debug|Any CPU.ActiveCfg = Debug|Any CPU
		{369641B2-728B-4E24-B7AB-B71D3FFCEA40}.Debug|Any CPU.Build.0 = Debug|Any CPU
		{369641B2-728B-4E24-B7AB-B71D3FFCEA40}.Release|Any CPU.ActiveCfg = Release|Any CPU
		{369641B2-728B-4E24-B7AB-B71D3FFCEA40}.Release|Any CPU.Build.0 = Release|Any CPU
	EndGlobalSection
	GlobalSection(SolutionProperties) = preSolution
		HideSolutionNode = FALSE
	EndGlobalSection
	GlobalSection(ExtensibilityGlobals) = postSolution
		SolutionGuid = {5BBBF953-BB9D-46E5-A8DF-64D66CA8586D}
	EndGlobalSection
EndGlobal
